packages:
  - name: dbt_external_tables
    package: dbt-labs/dbt_external_tables
    version: 0.11.1
  - name: dbt_utils
    package: dbt-labs/dbt_utils
    version: 1.3.1
  - name: codegen
    package: dbt-labs/codegen
    version: 0.9.0
  - name: dbt_expectations
    package: metaplane/dbt_expectations
    version: 0.8.5
  - name: elementary
    package: elementary-data/elementary
    version: 0.20.1
  - name: dbt_date
    package: calogica/dbt_date
    version: 0.7.2
sha1_hash: efba2e4667722bc38212e8733d6271ac49832a68
